// !$*UTF8*$!
{
	archiveVersion = 1;
	classes = {
	};
	objectVersion = 77;
	objects = {

/* Begin PBXBuildFile section */
		67658A1F2EF1424700357CC1 /* FirebaseAI in Frameworks */ = {isa = PBXBuildFile; productRef = 67658A1E2EF1424700357CC1 /* FirebaseAI */; };
		67658A212EF1424700357CC1 /* FirebaseAILogic in Frameworks */ = {isa = PBXBuildFile; productRef = 67658A202EF1424700357CC1 /* FirebaseAILogic */; };
		67658A232EF1424700357CC1 /* FirebaseAnalytics in Frameworks */ = {isa = PBXBuildFile; productRef = 67658A222EF1424700357CC1 /* FirebaseAnalytics */; };
		67658A252EF1424700357CC1 /* FirebaseAnalyticsCore in Frameworks */ = {isa = PBXBuildFile; productRef = 67658A242EF1424700357CC1 /* FirebaseAnalyticsCore */; };
		67658A272EF1424700357CC1 /* FirebaseAnalyticsIdentitySupport in Frameworks */ = {isa = PBXBuildFile; productRef = 67658A262EF1424700357CC1 /* FirebaseAnalyticsIdentitySupport */; };
		67658A2A2EF1466200357CC1 /* GoogleSignInSwift in Frameworks */ = {isa = PBXBuildFile; productRef = 67658A292EF1466200357CC1 /* GoogleSignInSwift */; };
		67658A2C2EF1466700357CC1 /* GoogleSignIn in Frameworks */ = {isa = PBXBuildFile; productRef = 67658A2B2EF1466700357CC1 /* GoogleSignIn */; };
/* End PBXBuildFile section */

/* Begin PBXContainerItemProxy section */
		677B38222E3F0F4000B5C8CB /* PBXContainerItemProxy */ = {
			isa = PBXContainerItemProxy;
			containerPortal = 677B38002E3F0F3F00B5C8CB /* Project object */;
			proxyType = 1;
			remoteGlobalIDString = 677B38072E3F0F3F00B5C8CB;
			remoteInfo = SkyHopper;
		};
		677B382C2E3F0F4000B5C8CB /* PBXContainerItemProxy */ = {
			isa = PBXContainerItemProxy;
			containerPortal = 677B38002E3F0F3F00B5C8CB /* Project object */;
			proxyType = 1;
			remoteGlobalIDString = 677B38072E3F0F3F00B5C8CB;
			remoteInfo = SkyHopper;
		};
/* End PBXContainerItemProxy section */

/* Begin PBXFileReference section */
		67658A2D2EF146B900357CC1 /* libswift_Concurrency.tbd */ = {isa = PBXFileReference; lastKnownFileType = "sourcecode.text-based-dylib-definition"; name = libswift_Concurrency.tbd; path = usr/lib/swift/libswift_Concurrency.tbd; sourceTree = SDKROOT; };
		677B38082E3F0F3F00B5C8CB /* SkyHopper.app */ = {isa = PBXFileReference; explicitFileType = wrapper.application; includeInIndex = 0; path = SkyHopper.app; sourceTree = BUILT_PRODUCTS_DIR; };
		677B38212E3F0F4000B5C8CB /* SkyHopperTests.xctest */ = {isa = PBXFileReference; explicitFileType = wrapper.cfbundle; includeInIndex = 0; path = SkyHopperTests.xctest; sourceTree = BUILT_PRODUCTS_DIR; };
		677B382B2E3F0F4000B5C8CB /* SkyHopperUITests.xctest */ = {isa = PBXFileReference; explicitFileType = wrapper.cfbundle; includeInIndex = 0; path = SkyHopperUITests.xctest; sourceTree = BUILT_PRODUCTS_DIR; };
/* End PBXFileReference section */

/* Begin PBXFileSystemSynchronizedBuildFileExceptionSet section */
		67658A1A2EF13C5100357CC1 /* Exceptions for "SkyHopper" folder in "SkyHopper" target */ = {
			isa = PBXFileSystemSynchronizedBuildFileExceptionSet;
			membershipExceptions = (
				Info.plist,
			);
			target = 677B38072E3F0F3F00B5C8CB /* SkyHopper */;
		};
/* End PBXFileSystemSynchronizedBuildFileExceptionSet section */

/* Begin PBXFileSystemSynchronizedRootGroup section */
		677B380A2E3F0F3F00B5C8CB /* SkyHopper */ = {
			isa = PBXFileSystemSynchronizedRootGroup;
			exceptions = (
				67658A1A2EF13C5100357CC1 /* Exceptions for "SkyHopper" folder in "SkyHopper" target */,
			);
			path = SkyHopper;
			sourceTree = "<group>";
		};
		677B38242E3F0F4000B5C8CB /* SkyHopperTests */ = {
			isa = PBXFileSystemSynchronizedRootGroup;
			path = SkyHopperTests;
			sourceTree = "<group>";
		};
		677B382E2E3F0F4000B5C8CB /* SkyHopperUITests */ = {
			isa = PBXFileSystemSynchronizedRootGroup;
			path = SkyHopperUITests;
			sourceTree = "<group>";
		};
/* End PBXFileSystemSynchronizedRootGroup section */

/* Begin PBXFrameworksBuildPhase section */
		677B38052E3F0F3F00B5C8CB /* Frameworks */ = {
			isa = PBXFrameworksBuildPhase;
			buildActionMask = 2147483647;
			files = (
				67658A212EF1424700357CC1 /* FirebaseAILogic in Frameworks */,
				67658A272EF1424700357CC1 /* FirebaseAnalyticsIdentitySupport in Frameworks */,
				67658A1F2EF1424700357CC1 /* FirebaseAI in Frameworks */,
				67658A2A2EF1466200357CC1 /* GoogleSignInSwift in Frameworks */,
				67658A232EF1424700357CC1 /* FirebaseAnalytics in Frameworks */,
				67658A252EF1424700357CC1 /* FirebaseAnalyticsCore in Frameworks */,
				67658A2C2EF1466700357CC1 /* GoogleSignIn in Frameworks */,
			);
			runOnlyForDeploymentPostprocessing = 0;
		};
		677B381E2E3F0F4000B5C8CB /* Frameworks */ = {
			isa = PBXFrameworksBuildPhase;
			buildActionMask = 2147483647;
			files = (
			);
			runOnlyForDeploymentPostprocessing = 0;
		};
		677B38282E3F0F4000B5C8CB /* Frameworks */ = {
			isa = PBXFrameworksBuildPhase;
			buildActionMask = 2147483647;
			files = (
			);
			runOnlyForDeploymentPostprocessing = 0;
		};
/* End PBXFrameworksBuildPhase section */

/* Begin PBXGroup section */
		67658A282EF1466200357CC1 /* Frameworks */ = {
			isa = PBXGroup;
			children = (
				67658A2D2EF146B900357CC1 /* libswift_Concurrency.tbd */,
			);
			name = Frameworks;
			sourceTree = "<group>";
		};
		677B37FF2E3F0F3F00B5C8CB = {
			isa = PBXGroup;
			children = (
				677B380A2E3F0F3F00B5C8CB /* SkyHopper */,
				677B38242E3F0F4000B5C8CB /* SkyHopperTests */,
				677B382E2E3F0F4000B5C8CB /* SkyHopperUITests */,
				67658A282EF1466200357CC1 /* Frameworks */,
				677B38092E3F0F3F00B5C8CB /* Products */,
			);
			sourceTree = "<group>";
		};
		677B38092E3F0F3F00B5C8CB /* Products */ = {
			isa = PBXGroup;
			children = (
				677B38082E3F0F3F00B5C8CB /* SkyHopper.app */,
				677B38212E3F0F4000B5C8CB /* SkyHopperTests.xctest */,
				677B382B2E3F0F4000B5C8CB /* SkyHopperUITests.xctest */,
			);
			name = Products;
			sourceTree = "<group>";
		};
/* End PBXGroup section */

/* Begin PBXNativeTarget section */
		677B38072E3F0F3F00B5C8CB /* SkyHopper */ = {
			isa = PBXNativeTarget;
			buildConfigurationList = 677B38352E3F0F4000B5C8CB /* Build configuration list for PBXNativeTarget "SkyHopper" */;
			buildPhases = (
				677B38042E3F0F3F00B5C8CB /* Sources */,
				677B38052E3F0F3F00B5C8CB /* Frameworks */,
				677B38062E3F0F3F00B5C8CB /* Resources */,
			);
			buildRules = (
			);
			dependencies = (
			);
			fileSystemSynchronizedGroups = (
				677B380A2E3F0F3F00B5C8CB /* SkyHopper */,
			);
			name = SkyHopper;
			packageProductDependencies = (
				67658A1E2EF1424700357CC1 /* FirebaseAI */,
				67658A202EF1424700357CC1 /* FirebaseAILogic */,
				67658A222EF1424700357CC1 /* FirebaseAnalytics */,
				67658A242EF1424700357CC1 /* FirebaseAnalyticsCore */,
				67658A262EF1424700357CC1 /* FirebaseAnalyticsIdentitySupport */,
				67658A292EF1466200357CC1 /* GoogleSignInSwift */,
				67658A2B2EF1466700357CC1 /* GoogleSignIn */,
			);
			productName = SkyHopper;
			productReference = 677B38082E3F0F3F00B5C8CB /* SkyHopper.app */;
			productType = "com.apple.product-type.application";
		};
		677B38202E3F0F4000B5C8CB /* SkyHopperTests */ = {
			isa = PBXNativeTarget;
			buildConfigurationList = 677B38382E3F0F4000B5C8CB /* Build configuration list for PBXNativeTarget "SkyHopperTests" */;
			buildPhases = (
				677B381D2E3F0F4000B5C8CB /* Sources */,
				677B381E2E3F0F4000B5C8CB /* Frameworks */,
				677B381F2E3F0F4000B5C8CB /* Resources */,
			);
			buildRules = (
			);
			dependencies = (
				677B38232E3F0F4000B5C8CB /* PBXTargetDependency */,
			);
			fileSystemSynchronizedGroups = (
				677B38242E3F0F4000B5C8CB /* SkyHopperTests */,
			);
			name = SkyHopperTests;
			packageProductDependencies = (
			);
			productName = SkyHopperTests;
			productReference = 677B38212E3F0F4000B5C8CB /* SkyHopperTests.xctest */;
			productType = "com.apple.product-type.bundle.unit-test";
		};
		677B382A2E3F0F4000B5C8CB /* SkyHopperUITests */ = {
			isa = PBXNativeTarget;
			buildConfigurationList = 677B383B2E3F0F4000B5C8CB /* Build configuration list for PBXNativeTarget "SkyHopperUITests" */;
			buildPhases = (
				677B38272E3F0F4000B5C8CB /* Sources */,
				677B38282E3F0F4000B5C8CB /* Frameworks */,
				677B38292E3F0F4000B5C8CB /* Resources */,
			);
			buildRules = (
			);
			dependencies = (
				677B382D2E3F0F4000B5C8CB /* PBXTargetDependency */,
			);
			fileSystemSynchronizedGroups = (
				677B382E2E3F0F4000B5C8CB /* SkyHopperUITests */,
			);
			name = SkyHopperUITests;
			packageProductDependencies = (
			);
			productName = SkyHopperUITests;
			productReference = 677B382B2E3F0F4000B5C8CB /* SkyHopperUITests.xctest */;
			productType = "com.apple.product-type.bundle.ui-testing";
		};
/* End PBXNativeTarget section */

/* Begin PBXProject section */
		677B38002E3F0F3F00B5C8CB /* Project object */ = {
			isa = PBXProject;
			attributes = {
				BuildIndependentTargetsInParallel = 1;
				LastSwiftUpdateCheck = 1640;
				LastUpgradeCheck = 2600;
				TargetAttributes = {
					677B38072E3F0F3F00B5C8CB = {
						CreatedOnToolsVersion = 16.4;
					};
					677B38202E3F0F4000B5C8CB = {
						CreatedOnToolsVersion = 16.4;
						TestTargetID = 677B38072E3F0F3F00B5C8CB;
					};
					677B382A2E3F0F4000B5C8CB = {
						CreatedOnToolsVersion = 16.4;
						TestTargetID = 677B38072E3F0F3F00B5C8CB;
					};
				};
			};
			buildConfigurationList = 677B38032E3F0F3F00B5C8CB /* Build configuration list for PBXProject "SkyHopper" */;
			developmentRegion = en;
			hasScannedForEncodings = 0;
			knownRegions = (
				en,
				Base,
			);
			mainGroup = 677B37FF2E3F0F3F00B5C8CB;
			minimizedProjectReferenceProxies = 1;
			packageReferences = (
				67658A182EF13C1200357CC1 /* XCRemoteSwiftPackageReference "GoogleSignIn-iOS" */,
				67658A1B2EF13EEA00357CC1 /* XCRemoteSwiftPackageReference "firebase-ios-sdk" */,
			);
			preferredProjectObjectVersion = 77;
			productRefGroup = 677B38092E3F0F3F00B5C8CB /* Products */;
			projectDirPath = "";
			projectRoot = "";
			targets = (
				677B38072E3F0F3F00B5C8CB /* SkyHopper */,
				677B38202E3F0F4000B5C8CB /* SkyHopperTests */,
				677B382A2E3F0F4000B5C8CB /* SkyHopperUITests */,
			);
		};
/* End PBXProject section */

/* Begin PBXResourcesBuildPhase section */
		677B38062E3F0F3F00B5C8CB /* Resources */ = {
			isa = PBXResourcesBuildPhase;
			buildActionMask = 2147483647;
			files = (
			);
			runOnlyForDeploymentPostprocessing = 0;
		};
		677B381F2E3F0F4000B5C8CB /* Resources */ = {
			isa = PBXResourcesBuildPhase;
			buildActionMask = 2147483647;
			files = (
			);
			runOnlyForDeploymentPostprocessing = 0;
		};
		677B38292E3F0F4000B5C8CB /* Resources */ = {
			isa = PBXResourcesBuildPhase;
			buildActionMask = 2147483647;
			files = (
			);
			runOnlyForDeploymentPostprocessing = 0;
		};
/* End PBXResourcesBuildPhase section */

/* Begin PBXSourcesBuildPhase section */
		677B38042E3F0F3F00B5C8CB /* Sources */ = {
			isa = PBXSourcesBuildPhase;
			buildActionMask = 2147483647;
			files = (
			);
			runOnlyForDeploymentPostprocessing = 0;
		};
		677B381D2E3F0F4000B5C8CB /* Sources */ = {
			isa = PBXSourcesBuildPhase;
			buildActionMask = 2147483647;
			files = (
			);
			runOnlyForDeploymentPostprocessing = 0;
		};
		677B38272E3F0F4000B5C8CB /* Sources */ = {
			isa = PBXSourcesBuildPhase;
			buildActionMask = 2147483647;
			files = (
			);
			runOnlyForDeploymentPostprocessing = 0;
		};
/* End PBXSourcesBuildPhase section */

/* Begin PBXTargetDependency section */
		677B38232E3F0F4000B5C8CB /* PBXTargetDependency */ = {
			isa = PBXTargetDependency;
			target = 677B38072E3F0F3F00B5C8CB /* SkyHopper */;
			targetProxy = 677B38222E3F0F4000B5C8CB /* PBXContainerItemProxy */;
		};
		677B382D2E3F0F4000B5C8CB /* PBXTargetDependency */ = {
			isa = PBXTargetDependency;
			target = 677B38072E3F0F3F00B5C8CB /* SkyHopper */;
			targetProxy = 677B382C2E3F0F4000B5C8CB /* PBXContainerItemProxy */;
		};
/* End PBXTargetDependency section */

/* Begin XCBuildConfiguration section */
		677B38332E3F0F4000B5C8CB /* Debug */ = {
			isa = XCBuildConfiguration;
			buildSettings = {
				ALWAYS_SEARCH_USER_PATHS = NO;
				ASSETCATALOG_COMPILER_GENERATE_SWIFT_ASSET_SYMBOL_EXTENSIONS = YES;
				CLANG_ANALYZER_NONNULL = YES;
				CLANG_ANALYZER_NUMBER_OBJECT_CONVERSION = YES_AGGRESSIVE;
				CLANG_CXX_LANGUAGE_STANDARD = "gnu++20";
				CLANG_ENABLE_MODULES = YES;
				CLANG_ENABLE_OBJC_ARC = YES;
				CLANG_ENABLE_OBJC_WEAK = YES;
				CLANG_WARN_BLOCK_CAPTURE_AUTORELEASING = YES;
				CLANG_WARN_BOOL_CONVERSION = YES;
				CLANG_WARN_COMMA = YES;
				CLANG_WARN_CONSTANT_CONVERSION = YES;
				CLANG_WARN_DEPRECATED_OBJC_IMPLEMENTATIONS = YES;
				CLANG_WARN_DIRECT_OBJC_ISA_USAGE = YES_ERROR;
				CLANG_WARN_DOCUMENTATION_COMMENTS = YES;
				CLANG_WARN_EMPTY_BODY = YES;
				CLANG_WARN_ENUM_CONVERSION = YES;
				CLANG_WARN_INFINITE_RECURSION = YES;
				CLANG_WARN_INT_CONVERSION = YES;
				CLANG_WARN_NON_LITERAL_NULL_CONVERSION = YES;
				CLANG_WARN_OBJC_IMPLICIT_RETAIN_SELF = YES;
				CLANG_WARN_OBJC_LITERAL_CONVERSION = YES;
				CLANG_WARN_OBJC_ROOT_CLASS = YES_ERROR;
				CLANG_WARN_QUOTED_INCLUDE_IN_FRAMEWORK_HEADER = YES;
				CLANG_WARN_RANGE_LOOP_ANALYSIS = YES;
				CLANG_WARN_STRICT_PROTOTYPES = YES;
				CLANG_WARN_SUSPICIOUS_MOVE = YES;
				CLANG_WARN_UNGUARDED_AVAILABILITY = YES_AGGRESSIVE;
				CLANG_WARN_UNREACHABLE_CODE = YES;
				CLANG_WARN__DUPLICATE_METHOD_MATCH = YES;
				COPY_PHASE_STRIP = NO;
				DEBUG_INFORMATION_FORMAT = dwarf;
				DEVELOPMENT_TEAM = B4H49GDQ8Q;
				ENABLE_STRICT_OBJC_MSGSEND = YES;
				ENABLE_TESTABILITY = YES;
				ENABLE_USER_SCRIPT_SANDBOXING = YES;
				GCC_C_LANGUAGE_STANDARD = gnu17;
				GCC_DYNAMIC_NO_PIC = NO;
				GCC_NO_COMMON_BLOCKS = YES;
				GCC_OPTIMIZATION_LEVEL = 0;
				GCC_PREPROCESSOR_DEFINITIONS = (
					"DEBUG=1",
					"$(inherited)",
				);
				GCC_WARN_64_TO_32_BIT_CONVERSION = YES;
				GCC_WARN_ABOUT_RETURN_TYPE = YES_ERROR;
				GCC_WARN_UNDECLARED_SELECTOR = YES;
				GCC_WARN_UNINITIALIZED_AUTOS = YES_AGGRESSIVE;
				GCC_WARN_UNUSED_FUNCTION = YES;
				GCC_WARN_UNUSED_VARIABLE = YES;
				IPHONEOS_DEPLOYMENT_TARGET = 18.5;
				LOCALIZATION_PREFERS_STRING_CATALOGS = YES;
				MTL_ENABLE_DEBUG_INFO = INCLUDE_SOURCE;
				MTL_FAST_MATH = YES;
				ONLY_ACTIVE_ARCH = YES;
				SDKROOT = iphoneos;
				STRING_CATALOG_GENERATE_SYMBOLS = YES;
				SWIFT_ACTIVE_COMPILATION_CONDITIONS = "DEBUG $(inherited)";
				SWIFT_OPTIMIZATION_LEVEL = "-Onone";
			};
			name = Debug;
		};
		677B38342E3F0F4000B5C8CB /* Release */ = {
			isa = XCBuildConfiguration;
			buildSettings = {
				ALWAYS_SEARCH_USER_PATHS = NO;
				ASSETCATALOG_COMPILER_GENERATE_SWIFT_ASSET_SYMBOL_EXTENSIONS = YES;
				CLANG_ANALYZER_NONNULL = YES;
				CLANG_ANALYZER_NUMBER_OBJECT_CONVERSION = YES_AGGRESSIVE;
				CLANG_CXX_LANGUAGE_STANDARD = "gnu++20";
				CLANG_ENABLE_MODULES = YES;
				CLANG_ENABLE_OBJC_ARC = YES;
				CLANG_ENABLE_OBJC_WEAK = YES;
				CLANG_WARN_BLOCK_CAPTURE_AUTORELEASING = YES;
				CLANG_WARN_BOOL_CONVERSION = YES;
				CLANG_WARN_COMMA = YES;
				CLANG_WARN_CONSTANT_CONVERSION = YES;
				CLANG_WARN_DEPRECATED_OBJC_IMPLEMENTATIONS = YES;
				CLANG_WARN_DIRECT_OBJC_ISA_USAGE = YES_ERROR;
				CLANG_WARN_DOCUMENTATION_COMMENTS = YES;
				CLANG_WARN_EMPTY_BODY = YES;
				CLANG_WARN_ENUM_CONVERSION = YES;
				CLANG_WARN_INFINITE_RECURSION = YES;
				CLANG_WARN_INT_CONVERSION = YES;
				CLANG_WARN_NON_LITERAL_NULL_CONVERSION = YES;
				CLANG_WARN_OBJC_IMPLICIT_RETAIN_SELF = YES;
				CLANG_WARN_OBJC_LITERAL_CONVERSION = YES;
				CLANG_WARN_OBJC_ROOT_CLASS = YES_ERROR;
				CLANG_WARN_QUOTED_INCLUDE_IN_FRAMEWORK_HEADER = YES;
				CLANG_WARN_RANGE_LOOP_ANALYSIS = YES;
				CLANG_WARN_STRICT_PROTOTYPES = YES;
				CLANG_WARN_SUSPICIOUS_MOVE = YES;
				CLANG_WARN_UNGUARDED_AVAILABILITY = YES_AGGRESSIVE;
				CLANG_WARN_UNREACHABLE_CODE = YES;
				CLANG_WARN__DUPLICATE_METHOD_MATCH = YES;
				COPY_PHASE_STRIP = NO;
				DEBUG_INFORMATION_FORMAT = "dwarf-with-dsym";
				DEVELOPMENT_TEAM = B4H49GDQ8Q;
				ENABLE_NS_ASSERTIONS = NO;
				ENABLE_STRICT_OBJC_MSGSEND = YES;
				ENABLE_TESTABILITY = YES;
				ENABLE_USER_SCRIPT_SANDBOXING = YES;
				GCC_C_LANGUAGE_STANDARD = gnu17;
				GCC_NO_COMMON_BLOCKS = YES;
				GCC_WARN_64_TO_32_BIT_CONVERSION = YES;
				GCC_WARN_ABOUT_RETURN_TYPE = YES_ERROR;
				GCC_WARN_UNDECLARED_SELECTOR = YES;
				GCC_WARN_UNINITIALIZED_AUTOS = YES_AGGRESSIVE;
				GCC_WARN_UNUSED_FUNCTION = YES;
				GCC_WARN_UNUSED_VARIABLE = YES;
				IPHONEOS_DEPLOYMENT_TARGET = 18.5;
				LOCALIZATION_PREFERS_STRING_CATALOGS = YES;
				MTL_ENABLE_DEBUG_INFO = NO;
				MTL_FAST_MATH = YES;
				ONLY_ACTIVE_ARCH = YES;
				SDKROOT = iphoneos;
				STRING_CATALOG_GENERATE_SYMBOLS = YES;
				SWIFT_COMPILATION_MODE = wholemodule;
				VALIDATE_PRODUCT = YES;
			};
			name = Release;
		};
		677B38362E3F0F4000B5C8CB /* Debug */ = {
			isa = XCBuildConfiguration;
			buildSettings = {
				ASSETCATALOG_COMPILER_APPICON_NAME = AppIcon;
				ASSETCATALOG_COMPILER_GLOBAL_ACCENT_COLOR_NAME = AccentColor;
				ASSETCATALOG_COMPILER_INCLUDE_ALL_APPICON_ASSETS = YES;
				CODE_SIGN_ENTITLEMENTS = SkyHopper/SkyHopper.entitlements;
				CODE_SIGN_STYLE = Automatic;
				CURRENT_PROJECT_VERSION = 1;
				DEVELOPMENT_TEAM = B4H49GDQ8Q;
				GENERATE_INFOPLIST_FILE = YES;
				INFOPLIST_FILE = SkyHopper/Info.plist;
				INFOPLIST_KEY_CFBundleDisplayName = HopVerse;
				INFOPLIST_KEY_LSApplicationCategoryType = "public.app-category.games";
				INFOPLIST_KEY_NSGKFriendListUsageDescription = "Keep track of friends high scores";
				INFOPLIST_KEY_UIApplicationSupportsIndirectInputEvents = YES;
				INFOPLIST_KEY_UILaunchStoryboardName = LaunchScreen;
				INFOPLIST_KEY_UIMainStoryboardFile = Main;
				INFOPLIST_KEY_UIStatusBarHidden = YES;
				INFOPLIST_KEY_UISupportedInterfaceOrientations_iPad = "UIInterfaceOrientationPortrait UIInterfaceOrientationPortraitUpsideDown UIInterfaceOrientationLandscapeLeft UIInterfaceOrientationLandscapeRight";
				INFOPLIST_KEY_UISupportedInterfaceOrientations_iPhone = "UIInterfaceOrientationPortrait UIInterfaceOrientationLandscapeLeft UIInterfaceOrientationLandscapeRight";
				LD_RUNPATH_SEARCH_PATHS = (
					"$(inherited)",
					"@executable_path/Frameworks",
				);
				MARKETING_VERSION = 1.0;
				PRODUCT_BUNDLE_IDENTIFIER = com.makllipse.SkyHopper;
				PRODUCT_NAME = "$(TARGET_NAME)";
				SWIFT_EMIT_LOC_STRINGS = YES;
				SWIFT_VERSION = 5.0;
				TARGETED_DEVICE_FAMILY = "1,2";
			};
			name = Debug;
		};
		677B38372E3F0F4000B5C8CB /* Release */ = {
			isa = XCBuildConfiguration;
			buildSettings = {
				ASSETCATALOG_COMPILER_APPICON_NAME = AppIcon;
				ASSETCATALOG_COMPILER_GLOBAL_ACCENT_COLOR_NAME = AccentColor;
				ASSETCATALOG_COMPILER_INCLUDE_ALL_APPICON_ASSETS = YES;
				CODE_SIGN_ENTITLEMENTS = SkyHopper/SkyHopperRelease.entitlements;
				CODE_SIGN_STYLE = Automatic;
				CURRENT_PROJECT_VERSION = 1;
				DEVELOPMENT_TEAM = B4H49GDQ8Q;
				GENERATE_INFOPLIST_FILE = YES;
				INFOPLIST_FILE = SkyHopper/Info.plist;
				INFOPLIST_KEY_CFBundleDisplayName = HopVerse;
				INFOPLIST_KEY_LSApplicationCategoryType = "public.app-category.games";
				INFOPLIST_KEY_NSGKFriendListUsageDescription = "Keep track of friends high scores";
				INFOPLIST_KEY_UIApplicationSupportsIndirectInputEvents = YES;
				INFOPLIST_KEY_UILaunchStoryboardName = LaunchScreen;
				INFOPLIST_KEY_UIMainStoryboardFile = Main;
				INFOPLIST_KEY_UIStatusBarHidden = YES;
				INFOPLIST_KEY_UISupportedInterfaceOrientations_iPad = "UIInterfaceOrientationPortrait UIInterfaceOrientationPortraitUpsideDown UIInterfaceOrientationLandscapeLeft UIInterfaceOrientationLandscapeRight";
				INFOPLIST_KEY_UISupportedInterfaceOrientations_iPhone = "UIInterfaceOrientationPortrait UIInterfaceOrientationLandscapeLeft UIInterfaceOrientationLandscapeRight";
				LD_RUNPATH_SEARCH_PATHS = (
					"$(inherited)",
					"@executable_path/Frameworks",
				);
				MARKETING_VERSION = 1.0;
				PRODUCT_BUNDLE_IDENTIFIER = com.makllipse.SkyHopper;
				PRODUCT_NAME = "$(TARGET_NAME)";
				SWIFT_EMIT_LOC_STRINGS = YES;
				SWIFT_VERSION = 5.0;
				TARGETED_DEVICE_FAMILY = "1,2";
			};
			name = Release;
		};
		677B38392E3F0F4000B5C8CB /* Debug */ = {
			isa = XCBuildConfiguration;
			buildSettings = {
				BUNDLE_LOADER = "$(TEST_HOST)";
				CODE_SIGN_STYLE = Automatic;
				CURRENT_PROJECT_VERSION = 1;
				DEVELOPMENT_TEAM = B4H49GDQ8Q;
				GENERATE_INFOPLIST_FILE = YES;
				IPHONEOS_DEPLOYMENT_TARGET = 18.5;
				MARKETING_VERSION = 1.0;
				PRODUCT_BUNDLE_IDENTIFIER = com.makllipse.SkyHopperTests;
				PRODUCT_NAME = "$(TARGET_NAME)";
				SWIFT_EMIT_LOC_STRINGS = NO;
				SWIFT_VERSION = 5.0;
				TARGETED_DEVICE_FAMILY = "1,2";
				TEST_HOST = "$(BUILT_PRODUCTS_DIR)/SkyHopper.app/$(BUNDLE_EXECUTABLE_FOLDER_PATH)/SkyHopper";
			};
			name = Debug;
		};
		677B383A2E3F0F4000B5C8CB /* Release */ = {
			isa = XCBuildConfiguration;
			buildSettings = {
				BUNDLE_LOADER = "$(TEST_HOST)";
				CODE_SIGN_STYLE = Automatic;
				CURRENT_PROJECT_VERSION = 1;
				DEVELOPMENT_TEAM = B4H49GDQ8Q;
				GENERATE_INFOPLIST_FILE = YES;
				IPHONEOS_DEPLOYMENT_TARGET = 18.5;
				MARKETING_VERSION = 1.0;
				PRODUCT_BUNDLE_IDENTIFIER = com.makllipse.SkyHopperTests;
				PRODUCT_NAME = "$(TARGET_NAME)";
				SWIFT_EMIT_LOC_STRINGS = NO;
				SWIFT_VERSION = 5.0;
				TARGETED_DEVICE_FAMILY = "1,2";
				TEST_HOST = "$(BUILT_PRODUCTS_DIR)/SkyHopper.app/$(BUNDLE_EXECUTABLE_FOLDER_PATH)/SkyHopper";
			};
			name = Release;
		};
		677B383C2E3F0F4000B5C8CB /* Debug */ = {
			isa = XCBuildConfiguration;
			buildSettings = {
				CODE_SIGN_STYLE = Automatic;
				CURRENT_PROJECT_VERSION = 1;
				DEVELOPMENT_TEAM = B4H49GDQ8Q;
				GENERATE_INFOPLIST_FILE = YES;
				MARKETING_VERSION = 1.0;
				PRODUCT_BUNDLE_IDENTIFIER = com.makllipse.SkyHopperUITests;
				PRODUCT_NAME = "$(TARGET_NAME)";
				SWIFT_EMIT_LOC_STRINGS = NO;
				SWIFT_VERSION = 5.0;
				TARGETED_DEVICE_FAMILY = "1,2";
				TEST_TARGET_NAME = SkyHopper;
			};
			name = Debug;
		};
		677B383D2E3F0F4000B5C8CB /* Release */ = {
			isa = XCBuildConfiguration;
			buildSettings = {
				CODE_SIGN_STYLE = Automatic;
				CURRENT_PROJECT_VERSION = 1;
				DEVELOPMENT_TEAM = B4H49GDQ8Q;
				GENERATE_INFOPLIST_FILE = YES;
				MARKETING_VERSION = 1.0;
				PRODUCT_BUNDLE_IDENTIFIER = com.makllipse.SkyHopperUITests;
				PRODUCT_NAME = "$(TARGET_NAME)";
				SWIFT_EMIT_LOC_STRINGS = NO;
				SWIFT_VERSION = 5.0;
				TARGETED_DEVICE_FAMILY = "1,2";
				TEST_TARGET_NAME = SkyHopper;
			};
			name = Release;
		};
/* End XCBuildConfiguration section */

/* Begin XCConfigurationList section */
		677B38032E3F0F3F00B5C8CB /* Build configuration list for PBXProject "SkyHopper" */ = {
			isa = XCConfigurationList;
			buildConfigurations = (
				677B38332E3F0F4000B5C8CB /* Debug */,
				677B38342E3F0F4000B5C8CB /* Release */,
			);
			defaultConfigurationIsVisible = 0;
			defaultConfigurationName = Release;
		};
		677B38352E3F0F4000B5C8CB /* Build configuration list for PBXNativeTarget "SkyHopper" */ = {
			isa = XCConfigurationList;
			buildConfigurations = (
				677B38362E3F0F4000B5C8CB /* Debug */,
				677B38372E3F0F4000B5C8CB /* Release */,
			);
			defaultConfigurationIsVisible = 0;
			defaultConfigurationName = Release;
		};
		677B38382E3F0F4000B5C8CB /* Build configuration list for PBXNativeTarget "SkyHopperTests" */ = {
			isa = XCConfigurationList;
			buildConfigurations = (
				677B38392E3F0F4000B5C8CB /* Debug */,
				677B383A2E3F0F4000B5C8CB /* Release */,
			);
			defaultConfigurationIsVisible = 0;
			defaultConfigurationName = Release;
		};
		677B383B2E3F0F4000B5C8CB /* Build configuration list for PBXNativeTarget "SkyHopperUITests" */ = {
			isa = XCConfigurationList;
			buildConfigurations = (
				677B383C2E3F0F4000B5C8CB /* Debug */,
				677B383D2E3F0F4000B5C8CB /* Release */,
			);
			defaultConfigurationIsVisible = 0;
			defaultConfigurationName = Release;
		};
/* End XCConfigurationList section */

/* Begin XCRemoteSwiftPackageReference section */
		67658A182EF13C1200357CC1 /* XCRemoteSwiftPackageReference "GoogleSignIn-iOS" */ = {
			isa = XCRemoteSwiftPackageReference;
			repositoryURL = "https://github.com/google/GoogleSignIn-iOS";
			requirement = {
				kind = upToNextMajorVersion;
				minimumVersion = 9.0.0;
			};
		};
		67658A1B2EF13EEA00357CC1 /* XCRemoteSwiftPackageReference "firebase-ios-sdk" */ = {
			isa = XCRemoteSwiftPackageReference;
			repositoryURL = "https://github.com/firebase/firebase-ios-sdk";
			requirement = {
				kind = upToNextMajorVersion;
				minimumVersion = 12.7.0;
			};
		};
/* End XCRemoteSwiftPackageReference section */

/* Begin XCSwiftPackageProductDependency section */
		67658A1E2EF1424700357CC1 /* FirebaseAI */ = {
			isa = XCSwiftPackageProductDependency;
			package = 67658A1B2EF13EEA00357CC1 /* XCRemoteSwiftPackageReference "firebase-ios-sdk" */;
			productName = FirebaseAI;
		};
		67658A202EF1424700357CC1 /* FirebaseAILogic */ = {
			isa = XCSwiftPackageProductDependency;
			package = 67658A1B2EF13EEA00357CC1 /* XCRemoteSwiftPackageReference "firebase-ios-sdk" */;
			productName = FirebaseAILogic;
		};
		67658A222EF1424700357CC1 /* FirebaseAnalytics */ = {
			isa = XCSwiftPackageProductDependency;
			package = 67658A1B2EF13EEA00357CC1 /* XCRemoteSwiftPackageReference "firebase-ios-sdk" */;
			productName = FirebaseAnalytics;
		};
		67658A242EF1424700357CC1 /* FirebaseAnalyticsCore */ = {
			isa = XCSwiftPackageProductDependency;
			package = 67658A1B2EF13EEA00357CC1 /* XCRemoteSwiftPackageReference "firebase-ios-sdk" */;
			productName = FirebaseAnalyticsCore;
		};
		67658A262EF1424700357CC1 /* FirebaseAnalyticsIdentitySupport */ = {
			isa = XCSwiftPackageProductDependency;
			package = 67658A1B2EF13EEA00357CC1 /* XCRemoteSwiftPackageReference "firebase-ios-sdk" */;
			productName = FirebaseAnalyticsIdentitySupport;
		};
		67658A292EF1466200357CC1 /* GoogleSignInSwift */ = {
			isa = XCSwiftPackageProductDependency;
			package = 67658A182EF13C1200357CC1 /* XCRemoteSwiftPackageReference "GoogleSignIn-iOS" */;
			productName = GoogleSignInSwift;
		};
		67658A2B2EF1466700357CC1 /* GoogleSignIn */ = {
			isa = XCSwiftPackageProductDependency;
			package = 67658A182EF13C1200357CC1 /* XCRemoteSwiftPackageReference "GoogleSignIn-iOS" */;
			productName = GoogleSignIn;
		};
/* End XCSwiftPackageProductDependency section */
	};
	rootObject = 677B38002E3F0F3F00B5C8CB /* Project object */;
}
